
Microsoft Visual Studio Solution File, Format Version 12.00
# Visual Studio Version 17
VisualStudioVersion = 17.0.31903.59
MinimumVisualStudioVersion = 10.0.40219.1
Project("{FAE04EC0-301F-11D3-BF4B-00C04F79EFBC}") = "Aplicacion", "Aplicacion\Aplicacion.csproj", "{265FBEA3-C3AC-4780-9D9D-D4A965250B88}"
EndProject
Project("{FAE04EC0-301F-11D3-BF4B-00C04F79EFBC}") = "Tests", "Tests\Tests.csproj", "{197D7128-9689-4304-AC38-C657FA07AE33}"
EndProject
Global
	GlobalSection(SolutionConfigurationPlatforms) = preSolution
		Debug|Any CPU = Debug|Any CPU
		Debug|x64 = Debug|x64
		Debug|x86 = Debug|x86
		Release|Any CPU = Release|Any CPU
		Release|x64 = Release|x64
		Release|x86 = Release|x86
	EndGlobalSection
	GlobalSection(ProjectConfigurationPlatforms) = postSolution
		{3EBE8337-2946-4A73-AE6F-277196FD8088}.Debug|Any CPU.ActiveCfg = Debug|Any CPU
		{3EBE8337-2946-4A73-AE6F-277196FD8088}.Debug|Any CPU.Build.0 = Debug|Any CPU
		{3EBE8337-2946-4A73-AE6F-277196FD8088}.Debug|x64.ActiveCfg = Debug|Any CPU
		{3EBE8337-2946-4A73-AE6F-277196FD8088}.Debug|x64.Build.0 = Debug|Any CPU
		{3EBE8337-2946-4A73-AE6F-277196FD8088}.Debug|x86.ActiveCfg = Debug|Any CPU
		{3EBE8337-2946-4A73-AE6F-277196FD8088}.Debug|x86.Build.0 = Debug|Any CPU
		{3EBE8337-2946-4A73-AE6F-277196FD8088}.Release|Any CPU.ActiveCfg = Release|Any CPU
		{3EBE8337-2946-4A73-AE6F-277196FD8088}.Release|Any CPU.Build.0 = Release|Any CPU
		{3EBE8337-2946-4A73-AE6F-277196FD8088}.Release|x64.ActiveCfg = Release|Any CPU
		{3EBE8337-2946-4A73-AE6F-277196FD8088}.Release|x64.Build.0 = Release|Any CPU
		{3EBE8337-2946-4A73-AE6F-277196FD8088}.Release|x86.ActiveCfg = Release|Any CPU
		{3EBE8337-2946-4A73-AE6F-277196FD8088}.Release|x86.Build.0 = Release|Any CPU
		{265FBEA3-C3AC-4780-9D9D-D4A965250B88}.Debug|Any CPU.ActiveCfg = Debug|Any CPU
		{265FBEA3-C3AC-4780-9D9D-D4A965250B88}.Debug|Any CPU.Build.0 = Debug|Any CPU
		{265FBEA3-C3AC-4780-9D9D-D4A965250B88}.Debug|x64.ActiveCfg = Debug|Any CPU
		{265FBEA3-C3AC-4780-9D9D-D4A965250B88}.Debug|x64.Build.0 = Debug|Any CPU
		{265FBEA3-C3AC-4780-9D9D-D4A965250B88}.Debug|x86.ActiveCfg = Debug|Any CPU
		{265FBEA3-C3AC-4780-9D9D-D4A965250B88}.Debug|x86.Build.0 = Debug|Any CPU
		{265FBEA3-C3AC-4780-9D9D-D4A965250B88}.Release|Any CPU.ActiveCfg = Release|Any CPU
		{265FBEA3-C3AC-4780-9D9D-D4A965250B88}.Release|Any CPU.Build.0 = Release|Any CPU
		{265FBEA3-C3AC-4780-9D9D-D4A965250B88}.Release|x64.ActiveCfg = Release|Any CPU
		{265FBEA3-C3AC-4780-9D9D-D4A965250B88}.Release|x64.Build.0 = Release|Any CPU
		{265FBEA3-C3AC-4780-9D9D-D4A965250B88}.Release|x86.ActiveCfg = Release|Any CPU
		{265FBEA3-C3AC-4780-9D9D-D4A965250B88}.Release|x86.Build.0 = Release|Any CPU
		{197D7128-9689-4304-AC38-C657FA07AE33}.Debug|Any CPU.ActiveCfg = Debug|Any CPU
		{197D7128-9689-4304-AC38-C657FA07AE33}.Debug|Any CPU.Build.0 = Debug|Any CPU
		{197D7128-9689-4304-AC38-C657FA07AE33}.Debug|x64.ActiveCfg = Debug|Any CPU
		{197D7128-9689-4304-AC38-C657FA07AE33}.Debug|x64.Build.0 = Debug|Any CPU
		{197D7128-9689-4304-AC38-C657FA07AE33}.Debug|x86.ActiveCfg = Debug|Any CPU
		{197D7128-9689-4304-AC38-C657FA07AE33}.Debug|x86.Build.0 = Debug|Any CPU
		{197D7128-9689-4304-AC38-C657FA07AE33}.Release|Any CPU.ActiveCfg = Release|Any CPU
		{197D7128-9689-4304-AC38-C657FA07AE33}.Release|Any CPU.Build.0 = Release|Any CPU
		{197D7128-9689-4304-AC38-C657FA07AE33}.Release|x64.ActiveCfg = Release|Any CPU
		{197D7128-9689-4304-AC38-C657FA07AE33}.Release|x64.Build.0 = Release|Any CPU
		{197D7128-9689-4304-AC38-C657FA07AE33}.Release|x86.ActiveCfg = Release|Any CPU
		{197D7128-9689-4304-AC38-C657FA07AE33}.Release|x86.Build.0 = Release|Any CPU
	EndGlobalSection
	GlobalSection(SolutionProperties) = preSolution
		HideSolutionNode = FALSE
	EndGlobalSection
EndGlobal
