
Microsoft Visual Studio Solution File, Format Version 12.00
# Visual Studio Version 17
VisualStudioVersion = 17.0.31903.59
MinimumVisualStudioVersion = 10.0.40219.1
Project("{FAE04EC0-301F-11D3-BF4B-00C04F79EFBC}") = "Aplicacion", "Aplicacion\Aplicacion.csproj", "{706CB76E-1015-4FC3-92A2-A3056EDD0287}"
EndProject
Project("{FAE04EC0-301F-11D3-BF4B-00C04F79EFBC}") = "Tests", "Tests\Tests.csproj", "{CE94DF05-EB6B-4076-A4ED-CB75AAEC4A97}"
EndProject
Global
	GlobalSection(SolutionConfigurationPlatforms) = preSolution
		Debug|Any CPU = Debug|Any CPU
		Debug|x64 = Debug|x64
		Debug|x86 = Debug|x86
		Release|Any CPU = Release|Any CPU
		Release|x64 = Release|x64
		Release|x86 = Release|x86
	EndGlobalSection
	GlobalSection(ProjectConfigurationPlatforms) = postSolution
		{706CB76E-1015-4FC3-92A2-A3056EDD0287}.Debug|Any CPU.ActiveCfg = Debug|Any CPU
		{706CB76E-1015-4FC3-92A2-A3056EDD0287}.Debug|Any CPU.Build.0 = Debug|Any CPU
		{706CB76E-1015-4FC3-92A2-A3056EDD0287}.Debug|x64.ActiveCfg = Debug|Any CPU
		{706CB76E-1015-4FC3-92A2-A3056EDD0287}.Debug|x64.Build.0 = Debug|Any CPU
		{706CB76E-1015-4FC3-92A2-A3056EDD0287}.Debug|x86.ActiveCfg = Debug|Any CPU
		{706CB76E-1015-4FC3-92A2-A3056EDD0287}.Debug|x86.Build.0 = Debug|Any CPU
		{706CB76E-1015-4FC3-92A2-A3056EDD0287}.Release|Any CPU.ActiveCfg = Release|Any CPU
		{706CB76E-1015-4FC3-92A2-A3056EDD0287}.Release|Any CPU.Build.0 = Release|Any CPU
		{706CB76E-1015-4FC3-92A2-A3056EDD0287}.Release|x64.ActiveCfg = Release|Any CPU
		{706CB76E-1015-4FC3-92A2-A3056EDD0287}.Release|x64.Build.0 = Release|Any CPU
		{706CB76E-1015-4FC3-92A2-A3056EDD0287}.Release|x86.ActiveCfg = Release|Any CPU
		{706CB76E-1015-4FC3-92A2-A3056EDD0287}.Release|x86.Build.0 = Release|Any CPU
		{CE94DF05-EB6B-4076-A4ED-CB75AAEC4A97}.Debug|Any CPU.ActiveCfg = Debug|Any CPU
		{CE94DF05-EB6B-4076-A4ED-CB75AAEC4A97}.Debug|Any CPU.Build.0 = Debug|Any CPU
		{CE94DF05-EB6B-4076-A4ED-CB75AAEC4A97}.Debug|x64.ActiveCfg = Debug|Any CPU
		{CE94DF05-EB6B-4076-A4ED-CB75AAEC4A97}.Debug|x64.Build.0 = Debug|Any CPU
		{CE94DF05-EB6B-4076-A4ED-CB75AAEC4A97}.Debug|x86.ActiveCfg = Debug|Any CPU
		{CE94DF05-EB6B-4076-A4ED-CB75AAEC4A97}.Debug|x86.Build.0 = Debug|Any CPU
		{CE94DF05-EB6B-4076-A4ED-CB75AAEC4A97}.Release|Any CPU.ActiveCfg = Release|Any CPU
		{CE94DF05-EB6B-4076-A4ED-CB75AAEC4A97}.Release|Any CPU.Build.0 = Release|Any CPU
		{CE94DF05-EB6B-4076-A4ED-CB75AAEC4A97}.Release|x64.ActiveCfg = Release|Any CPU
		{CE94DF05-EB6B-4076-A4ED-CB75AAEC4A97}.Release|x64.Build.0 = Release|Any CPU
		{CE94DF05-EB6B-4076-A4ED-CB75AAEC4A97}.Release|x86.ActiveCfg = Release|Any CPU
		{CE94DF05-EB6B-4076-A4ED-CB75AAEC4A97}.Release|x86.Build.0 = Release|Any CPU
	EndGlobalSection
	GlobalSection(SolutionProperties) = preSolution
		HideSolutionNode = FALSE
	EndGlobalSection
EndGlobal
